
Microsoft Visual Studio Solution File, Format Version 12.00
# Visual Studio 15
VisualStudioVersion = 15.0.26730.16
MinimumVisualStudioVersion = 10.0.40219.1
Project("{9A19103F-16F7-4668-BE54-9A1E7A4F7556}") = "AquariumCalculatorTests", "AquariumCalculator\AquariumCalculatorTests.csproj", "{F248851A-8DA6-4EAD-B594-79100845FA90}"
EndProject
Project("{9A19103F-16F7-4668-BE54-9A1E7A4F7556}") = "AquariumCalculator.API", "AquariumCalculator.API\AquariumCalculator.API.csproj", "{E2563155-75B9-48F9-928B-E76ABCCE8CED}"
EndProject
Project("{9A19103F-16F7-4668-BE54-9A1E7A4F7556}") = "AquariumCalculator.Contracts", "AquariumCalculator.Contracts\AquariumCalculator.Contracts.csproj", "{4BD76FA0-9D5D-426F-8010-A616A132B422}"
EndProject
Project("{9A19103F-16F7-4668-BE54-9A1E7A4F7556}") = "AquariumCalculator.Services", "AquariumCalculator.Services\AquariumCalculator.Services.csproj", "{75A25952-5447-462A-BF44-49807707D129}"
EndProject
Project("{9A19103F-16F7-4668-BE54-9A1E7A4F7556}") = "AquariumCalculator.Models", "AquariumCalculator.Models\AquariumCalculator.Models.csproj", "{D56ABD25-D316-406C-8356-413157A8CC42}"
EndProject
Global
	GlobalSection(SolutionConfigurationPlatforms) = preSolution
		Debug|Any CPU = Debug|Any CPU
		Release|Any CPU = Release|Any CPU
	EndGlobalSection
	GlobalSection(ProjectConfigurationPlatforms) = postSolution
		{F248851A-8DA6-4EAD-B594-79100845FA90}.Debug|Any CPU.ActiveCfg = Debug|Any CPU
		{F248851A-8DA6-4EAD-B594-79100845FA90}.Debug|Any CPU.Build.0 = Debug|Any CPU
		{F248851A-8DA6-4EAD-B594-79100845FA90}.Release|Any CPU.ActiveCfg = Release|Any CPU
		{F248851A-8DA6-4EAD-B594-79100845FA90}.Release|Any CPU.Build.0 = Release|Any CPU
		{E2563155-75B9-48F9-928B-E76ABCCE8CED}.Debug|Any CPU.ActiveCfg = Debug|Any CPU
		{E2563155-75B9-48F9-928B-E76ABCCE8CED}.Debug|Any CPU.Build.0 = Debug|Any CPU
		{E2563155-75B9-48F9-928B-E76ABCCE8CED}.Release|Any CPU.ActiveCfg = Release|Any CPU
		{E2563155-75B9-48F9-928B-E76ABCCE8CED}.Release|Any CPU.Build.0 = Release|Any CPU
		{4BD76FA0-9D5D-426F-8010-A616A132B422}.Debug|Any CPU.ActiveCfg = Debug|Any CPU
		{4BD76FA0-9D5D-426F-8010-A616A132B422}.Debug|Any CPU.Build.0 = Debug|Any CPU
		{4BD76FA0-9D5D-426F-8010-A616A132B422}.Release|Any CPU.ActiveCfg = Release|Any CPU
		{4BD76FA0-9D5D-426F-8010-A616A132B422}.Release|Any CPU.Build.0 = Release|Any CPU
		{75A25952-5447-462A-BF44-49807707D129}.Debug|Any CPU.ActiveCfg = Debug|Any CPU
		{75A25952-5447-462A-BF44-49807707D129}.Debug|Any CPU.Build.0 = Debug|Any CPU
		{75A25952-5447-462A-BF44-49807707D129}.Release|Any CPU.ActiveCfg = Release|Any CPU
		{75A25952-5447-462A-BF44-49807707D129}.Release|Any CPU.Build.0 = Release|Any CPU
		{D56ABD25-D316-406C-8356-413157A8CC42}.Debug|Any CPU.ActiveCfg = Debug|Any CPU
		{D56ABD25-D316-406C-8356-413157A8CC42}.Debug|Any CPU.Build.0 = Debug|Any CPU
		{D56ABD25-D316-406C-8356-413157A8CC42}.Release|Any CPU.ActiveCfg = Release|Any CPU
		{D56ABD25-D316-406C-8356-413157A8CC42}.Release|Any CPU.Build.0 = Release|Any CPU
	EndGlobalSection
	GlobalSection(SolutionProperties) = preSolution
		HideSolutionNode = FALSE
	EndGlobalSection
	GlobalSection(ExtensibilityGlobals) = postSolution
		SolutionGuid = {7424C642-8B96-4D00-ABAB-8A27E45994DC}
	EndGlobalSection
EndGlobal
